
Microsoft Visual Studio Solution File, Format Version 12.00
# Visual Studio Version 17
VisualStudioVersion = 17.10.34928.147
MinimumVisualStudioVersion = 10.0.40219.1
Project("{FAE04EC0-301F-11D3-BF4B-00C04F79EFBC}") = "System_Programming_Classwork_3", "System_Programming_Classwork_3\System_Programming_Classwork_3.csproj", "{25E10B6E-38F4-4A54-8A72-1FB6897685FD}"
EndProject
Global
	GlobalSection(SolutionConfigurationPlatforms) = preSolution
		Debug|Any CPU = Debug|Any CPU
		Release|Any CPU = Release|Any CPU
	EndGlobalSection
	GlobalSection(ProjectConfigurationPlatforms) = postSolution
		{25E10B6E-38F4-4A54-8A72-1FB6897685FD}.Debug|Any CPU.ActiveCfg = Debug|Any CPU
		{25E10B6E-38F4-4A54-8A72-1FB6897685FD}.Debug|Any CPU.Build.0 = Debug|Any CPU
		{25E10B6E-38F4-4A54-8A72-1FB6897685FD}.Release|Any CPU.ActiveCfg = Release|Any CPU
		{25E10B6E-38F4-4A54-8A72-1FB6897685FD}.Release|Any CPU.Build.0 = Release|Any CPU
	EndGlobalSection
	GlobalSection(SolutionProperties) = preSolution
		HideSolutionNode = FALSE
	EndGlobalSection
	GlobalSection(ExtensibilityGlobals) = postSolution
		SolutionGuid = {EB1017AB-7777-48E8-A708-0A7F8B8460CE}
	EndGlobalSection
EndGlobal
